
Microsoft Visual Studio Solution File, Format Version 10.00
# Visual Studio 2008
Project("{FAE04EC0-301F-11D3-BF4B-00C04F79EFBC}") = "Graphs", "Graphs\Graphs.csproj", "{B303745E-6D34-4DA8-AA8D-2452D5508D66}"
EndProject
Global
	GlobalSection(SolutionConfigurationPlatforms) = preSolution
		Debug|Any CPU = Debug|Any CPU
		Release|Any CPU = Release|Any CPU
	EndGlobalSection
	GlobalSection(ProjectConfigurationPlatforms) = postSolution
		{B303745E-6D34-4DA8-AA8D-2452D5508D66}.Debug|Any CPU.ActiveCfg = Debug|Any CPU
		{B303745E-6D34-4DA8-AA8D-2452D5508D66}.Debug|Any CPU.Build.0 = Debug|Any CPU
		{B303745E-6D34-4DA8-AA8D-2452D5508D66}.Release|Any CPU.ActiveCfg = Release|Any CPU
		{B303745E-6D34-4DA8-AA8D-2452D5508D66}.Release|Any CPU.Build.0 = Release|Any CPU
	EndGlobalSection
	GlobalSection(SolutionProperties) = preSolution
		HideSolutionNode = FALSE
	EndGlobalSection
EndGlobal
